
Microsoft Visual Studio Solution File, Format Version 12.00
# Visual Studio Version 17
VisualStudioVersion = 17.9.34607.119
MinimumVisualStudioVersion = 10.0.40219.1
Project("{FAE04EC0-301F-11D3-BF4B-00C04F79EFBC}") = "Generic_Classes_Methods_Hongfei", "Generic_Classes_Methods_Hongfei.csproj", "{67D3C4C3-898E-484D-A4EC-820D71317CB6}"
EndProject
Global
	GlobalSection(SolutionConfigurationPlatforms) = preSolution
		Debug|Any CPU = Debug|Any CPU
		Release|Any CPU = Release|Any CPU
	EndGlobalSection
	GlobalSection(ProjectConfigurationPlatforms) = postSolution
		{67D3C4C3-898E-484D-A4EC-820D71317CB6}.Debug|Any CPU.ActiveCfg = Debug|Any CPU
		{67D3C4C3-898E-484D-A4EC-820D71317CB6}.Debug|Any CPU.Build.0 = Debug|Any CPU
		{67D3C4C3-898E-484D-A4EC-820D71317CB6}.Release|Any CPU.ActiveCfg = Release|Any CPU
		{67D3C4C3-898E-484D-A4EC-820D71317CB6}.Release|Any CPU.Build.0 = Release|Any CPU
	EndGlobalSection
	GlobalSection(SolutionProperties) = preSolution
		HideSolutionNode = FALSE
	EndGlobalSection
	GlobalSection(ExtensibilityGlobals) = postSolution
		SolutionGuid = {4F1E217F-7436-429B-AD81-F98FC32A453A}
	EndGlobalSection
EndGlobal
